Microsoft Visual Studio Solution File, Format Version 12.00
# Visual Studio 14
VisualStudioVersion = 14.0.25420.1
MinimumVisualStudioVersion = 10.0.40219.1
Project("{2150E333-8FDC-42A3-9474-1A3956D46DE8}") = "stuff", "stuff", "{1ABDD7C1-1F8D-402D-8692-3E4B66962DE0}"
	ProjectSection(SolutionItems) = preProject
		CHANGELOG.md = CHANGELOG.md
		LICENSE.md = LICENSE.md
		README.md = README.md
	EndProjectSection
EndProject
Project("{FAE04EC0-301F-11D3-BF4B-00C04F79EFBC}") = "Debaser", "Debaser\Debaser.csproj", "{5D36E019-958A-4DD7-89FE-7D0B7D9CA3B8}"
EndProject
Project("{FAE04EC0-301F-11D3-BF4B-00C04F79EFBC}") = "Debaser.Tests", "Debaser.Tests\Debaser.Tests.csproj", "{A3772B37-CB01-4928-8EA4-11A74E471F80}"
EndProject
Global
	GlobalSection(SolutionConfigurationPlatforms) = preSolution
		Debug|Any CPU = Debug|Any CPU
		Release|Any CPU = Release|Any CPU
	EndGlobalSection
	GlobalSection(ProjectConfigurationPlatforms) = postSolution
		{5D36E019-958A-4DD7-89FE-7D0B7D9CA3B8}.Debug|Any CPU.ActiveCfg = Debug|Any CPU
		{5D36E019-958A-4DD7-89FE-7D0B7D9CA3B8}.Debug|Any CPU.Build.0 = Debug|Any CPU
		{5D36E019-958A-4DD7-89FE-7D0B7D9CA3B8}.Release|Any CPU.ActiveCfg = Release|Any CPU
		{5D36E019-958A-4DD7-89FE-7D0B7D9CA3B8}.Release|Any CPU.Build.0 = Release|Any CPU
		{A3772B37-CB01-4928-8EA4-11A74E471F80}.Debug|Any CPU.ActiveCfg = Debug|Any CPU
		{A3772B37-CB01-4928-8EA4-11A74E471F80}.Debug|Any CPU.Build.0 = Debug|Any CPU
		{A3772B37-CB01-4928-8EA4-11A74E471F80}.Release|Any CPU.ActiveCfg = Release|Any CPU
		{A3772B37-CB01-4928-8EA4-11A74E471F80}.Release|Any CPU.Build.0 = Release|Any CPU
	EndGlobalSection
	GlobalSection(SolutionProperties) = preSolution
		HideSolutionNode = FALSE
	EndGlobalSection
EndGlobal
